
Microsoft Visual Studio Solution File, Format Version 12.00
# Visual Studio Version 17
VisualStudioVersion = 17.4.33213.308
MinimumVisualStudioVersion = 10.0.40219.1
Project("{FAE04EC0-301F-11D3-BF4B-00C04F79EFBC}") = "klavyeden-girilen-2-sayıyı-bölen-uygulama", "klavyeden-girilen-2-sayıyı-bölen-uygulama.csproj", "{890325EE-7560-490D-A845-411DA0DDA9FF}"
EndProject
Global
	GlobalSection(SolutionConfigurationPlatforms) = preSolution
		Debug|Any CPU = Debug|Any CPU
		Release|Any CPU = Release|Any CPU
	EndGlobalSection
	GlobalSection(ProjectConfigurationPlatforms) = postSolution
		{890325EE-7560-490D-A845-411DA0DDA9FF}.Debug|Any CPU.ActiveCfg = Debug|Any CPU
		{890325EE-7560-490D-A845-411DA0DDA9FF}.Debug|Any CPU.Build.0 = Debug|Any CPU
		{890325EE-7560-490D-A845-411DA0DDA9FF}.Release|Any CPU.ActiveCfg = Release|Any CPU
		{890325EE-7560-490D-A845-411DA0DDA9FF}.Release|Any CPU.Build.0 = Release|Any CPU
	EndGlobalSection
	GlobalSection(SolutionProperties) = preSolution
		HideSolutionNode = FALSE
	EndGlobalSection
	GlobalSection(ExtensibilityGlobals) = postSolution
		SolutionGuid = {E69D532B-E67C-49DF-A39A-E18025468BFB}
	EndGlobalSection
EndGlobal
